{
  "requires": true,
  "lockfileVersion": 1,
  "dependencies": {
    "@salesforce-ux/design-system": {
      "version": "2.11.4",
      "resolved": "https://registry.npmjs.org/@salesforce-ux/design-system/-/design-system-2.11.4.tgz",
      "integrity": "sha512-c4D9UyTfOyf0Ccco8Ln3vyfnPVADVU/2MNcjawqsPVjY6B+p1u1znSvlksQXpF0BE4mDFE0LbV6a+CFrcWje4A=="
    }
  }
}
